
Microsoft Visual Studio Solution File, Format Version 12.00
# Visual Studio Version 17
VisualStudioVersion = 17.8.34525.116
MinimumVisualStudioVersion = 10.0.40219.1
Project("{FAE04EC0-301F-11D3-BF4B-00C04F79EFBC}") = "ECommerceIntegrationLibrary", "ECommerceIntegrationLibrary\ECommerceIntegrationLibrary.csproj", "{992B5C74-4856-4734-B75C-97202106A5EF}"
EndProject
Global
	GlobalSection(SolutionConfigurationPlatforms) = preSolution
		Debug|Any CPU = Debug|Any CPU
		Release|Any CPU = Release|Any CPU
	EndGlobalSection
	GlobalSection(ProjectConfigurationPlatforms) = postSolution
		{992B5C74-4856-4734-B75C-97202106A5EF}.Debug|Any CPU.ActiveCfg = Debug|Any CPU
		{992B5C74-4856-4734-B75C-97202106A5EF}.Debug|Any CPU.Build.0 = Debug|Any CPU
		{992B5C74-4856-4734-B75C-97202106A5EF}.Release|Any CPU.ActiveCfg = Release|Any CPU
		{992B5C74-4856-4734-B75C-97202106A5EF}.Release|Any CPU.Build.0 = Release|Any CPU
	EndGlobalSection
	GlobalSection(SolutionProperties) = preSolution
		HideSolutionNode = FALSE
	EndGlobalSection
	GlobalSection(ExtensibilityGlobals) = postSolution
		SolutionGuid = {480102B8-5B44-46C1-BA5A-65A311FFC277}
	EndGlobalSection
EndGlobal
